
Microsoft Visual Studio Solution File, Format Version 12.00
# Visual Studio Version 16
VisualStudioVersion = 16.0.31205.134
MinimumVisualStudioVersion = 10.0.40219.1
Project("{FAE04EC0-301F-11D3-BF4B-00C04F79EFBC}") = "SpecFlowCalculator_Subtraction", "SpecFlowCalculator_Subtraction\SpecFlowCalculator_Subtraction.csproj", "{9FE38C11-DFAC-4023-83FF-7708A4D7D055}"
EndProject
Project("{FAE04EC0-301F-11D3-BF4B-00C04F79EFBC}") = "SpecFlowCalculator_Subtraction.specs", "SpecFlowCalculator_Subtraction.specs\SpecFlowCalculator_Subtraction.specs.csproj", "{DCC364B9-9C47-4AD3-B626-BEB315765D47}"
EndProject
Global
	GlobalSection(SolutionConfigurationPlatforms) = preSolution
		Debug|Any CPU = Debug|Any CPU
		Release|Any CPU = Release|Any CPU
	EndGlobalSection
	GlobalSection(ProjectConfigurationPlatforms) = postSolution
		{9FE38C11-DFAC-4023-83FF-7708A4D7D055}.Debug|Any CPU.ActiveCfg = Debug|Any CPU
		{9FE38C11-DFAC-4023-83FF-7708A4D7D055}.Debug|Any CPU.Build.0 = Debug|Any CPU
		{9FE38C11-DFAC-4023-83FF-7708A4D7D055}.Release|Any CPU.ActiveCfg = Release|Any CPU
		{9FE38C11-DFAC-4023-83FF-7708A4D7D055}.Release|Any CPU.Build.0 = Release|Any CPU
		{DCC364B9-9C47-4AD3-B626-BEB315765D47}.Debug|Any CPU.ActiveCfg = Debug|Any CPU
		{DCC364B9-9C47-4AD3-B626-BEB315765D47}.Debug|Any CPU.Build.0 = Debug|Any CPU
		{DCC364B9-9C47-4AD3-B626-BEB315765D47}.Release|Any CPU.ActiveCfg = Release|Any CPU
		{DCC364B9-9C47-4AD3-B626-BEB315765D47}.Release|Any CPU.Build.0 = Release|Any CPU
	EndGlobalSection
	GlobalSection(SolutionProperties) = preSolution
		HideSolutionNode = FALSE
	EndGlobalSection
	GlobalSection(ExtensibilityGlobals) = postSolution
		SolutionGuid = {46FE2547-1442-4E38-9795-B4242A44FE39}
	EndGlobalSection
EndGlobal
